
Microsoft Visual Studio Solution File, Format Version 11.00
# Visual Studio 2010
Project("{E24C65DC-7377-472B-9ABA-BC803B73C61A}") = "HourseRentSystem", ".", "{BC93C35E-5B16-4CCF-9713-A2EF7B4591BB}"
	ProjectSection(WebsiteProperties) = preProject
		TargetFrameworkMoniker = ".NETFramework,Version%3Dv3.5"
		Debug.AspNetCompiler.VirtualPath = "/HourseRentSystem"
		Debug.AspNetCompiler.PhysicalPath = "..\HourseRentSystem\"
		Debug.AspNetCompiler.TargetPath = "PrecompiledWeb\HourseRentSystem\"
		Debug.AspNetCompiler.Updateable = "true"
		Debug.AspNetCompiler.ForceOverwrite = "true"
		Debug.AspNetCompiler.FixedNames = "false"
		Debug.AspNetCompiler.Debug = "True"
		Release.AspNetCompiler.VirtualPath = "/HourseRentSystem"
		Release.AspNetCompiler.PhysicalPath = "..\HourseRentSystem\"
		Release.AspNetCompiler.TargetPath = "PrecompiledWeb\HourseRentSystem\"
		Release.AspNetCompiler.Updateable = "true"
		Release.AspNetCompiler.ForceOverwrite = "true"
		Release.AspNetCompiler.FixedNames = "false"
		Release.AspNetCompiler.Debug = "False"
		VWDPort = "6266"
	EndProjectSection
EndProject
Global
	GlobalSection(SolutionConfigurationPlatforms) = preSolution
		Debug|Any CPU = Debug|Any CPU
	EndGlobalSection
	GlobalSection(ProjectConfigurationPlatforms) = postSolution
		{BC93C35E-5B16-4CCF-9713-A2EF7B4591BB}.Debug|Any CPU.ActiveCfg = Debug|Any CPU
		{BC93C35E-5B16-4CCF-9713-A2EF7B4591BB}.Debug|Any CPU.Build.0 = Debug|Any CPU
	EndGlobalSection
	GlobalSection(SolutionProperties) = preSolution
		HideSolutionNode = FALSE
	EndGlobalSection
EndGlobal
